// !$*UTF8*$!
{
	archiveVersion = 1;
	classes = {
	};
	objectVersion = 46;
	objects = {

/* Begin PBXBuildFile section */
		3F1396F518CB5CA3009B31A3 /* PKEPokemonCell.m in Sources */ = {isa = PBXBuildFile; fileRef = 3F1396F418CB5CA3009B31A3 /* PKEPokemonCell.m */; };
		3F1396F918CB5D8E009B31A3 /* PKEDataBaseManager.m in Sources */ = {isa = PBXBuildFile; fileRef = 3F1396F818CB5D8E009B31A3 /* PKEDataBaseManager.m */; };
		3F1396FD18CB5DC8009B31A3 /* PKEPokemon.m in Sources */ = {isa = PBXBuildFile; fileRef = 3F1396FC18CB5DC8009B31A3 /* PKEPokemon.m */; };
		3F1396FF18CB6111009B31A3 /* Pokemons.plist in Resources */ = {isa = PBXBuildFile; fileRef = 3F1396FE18CB6111009B31A3 /* Pokemons.plist */; };
		3F13970118CB630E009B31A3 /* Types.plist in Resources */ = {isa = PBXBuildFile; fileRef = 3F13970018CB630E009B31A3 /* Types.plist */; };
		3F13970F18CB66A2009B31A3 /* 001.png in Resources */ = {isa = PBXBuildFile; fileRef = 3F13970318CB66A2009B31A3 /* 001.png */; };
		3F13971018CB66A2009B31A3 /* 002.png in Resources */ = {isa = PBXBuildFile; fileRef = 3F13970418CB66A2009B31A3 /* 002.png */; };
		3F13971118CB66A2009B31A3 /* 003.png in Resources */ = {isa = PBXBuildFile; fileRef = 3F13970518CB66A2009B31A3 /* 003.png */; };
		3F13971218CB66A2009B31A3 /* 004.png in Resources */ = {isa = PBXBuildFile; fileRef = 3F13970618CB66A2009B31A3 /* 004.png */; };
		3F13971318CB66A2009B31A3 /* 005.png in Resources */ = {isa = PBXBuildFile; fileRef = 3F13970718CB66A2009B31A3 /* 005.png */; };
		3F13971418CB66A2009B31A3 /* 006.png in Resources */ = {isa = PBXBuildFile; fileRef = 3F13970818CB66A2009B31A3 /* 006.png */; };
		3F13971518CB66A2009B31A3 /* 007.png in Resources */ = {isa = PBXBuildFile; fileRef = 3F13970918CB66A2009B31A3 /* 007.png */; };
		3F13971618CB66A2009B31A3 /* 008.png in Resources */ = {isa = PBXBuildFile; fileRef = 3F13970A18CB66A2009B31A3 /* 008.png */; };
		3F13971718CB66A2009B31A3 /* 009.png in Resources */ = {isa = PBXBuildFile; fileRef = 3F13970B18CB66A2009B31A3 /* 009.png */; };
		3F13971818CB66A2009B31A3 /* 010.png in Resources */ = {isa = PBXBuildFile; fileRef = 3F13970C18CB66A2009B31A3 /* 010.png */; };
		3F13971918CB66A2009B31A3 /* 011.png in Resources */ = {isa = PBXBuildFile; fileRef = 3F13970D18CB66A2009B31A3 /* 011.png */; };
		3F13971A18CB66A2009B31A3 /* 012.png in Resources */ = {isa = PBXBuildFile; fileRef = 3F13970E18CB66A2009B31A3 /* 012.png */; };
		3F13972118CB97FE009B31A3 /* UIColor+DarkerColor.m in Sources */ = {isa = PBXBuildFile; fileRef = 3F13972018CB97FE009B31A3 /* UIColor+DarkerColor.m */; };
		3F13972418CBA959009B31A3 /* PKEFilterViewController.m in Sources */ = {isa = PBXBuildFile; fileRef = 3F13972318CBA959009B31A3 /* PKEFilterViewController.m */; };
		3F13972E18CBAE1A009B31A3 /* PKETableViewCell.m in Sources */ = {isa = PBXBuildFile; fileRef = 3F13972D18CBAE1A009B31A3 /* PKETableViewCell.m */; };
		3F13973118CBB3FE009B31A3 /* PKETypeViewController.m in Sources */ = {isa = PBXBuildFile; fileRef = 3F13973018CBB3FE009B31A3 /* PKETypeViewController.m */; };
		3F13973418CBB551009B31A3 /* PKECollectionViewCell.m in Sources */ = {isa = PBXBuildFile; fileRef = 3F13973318CBB551009B31A3 /* PKECollectionViewCell.m */; };
		3F13973718CBBAF7009B31A3 /* PKETypeCell.m in Sources */ = {isa = PBXBuildFile; fileRef = 3F13973618CBBAF7009B31A3 /* PKETypeCell.m */; };
		3F375C7518CC7B6A00A93DB4 /* PKESearchViewController.m in Sources */ = {isa = PBXBuildFile; fileRef = 3F375C7418CC7B6A00A93DB4 /* PKESearchViewController.m */; };
		3F375C7A18CC818F00A93DB4 /* PKEPokemonCell.xib in Resources */ = {isa = PBXBuildFile; fileRef = 3F375C7918CC818F00A93DB4 /* PKEPokemonCell.xib */; };
		3F375C7D18CCA6D300A93DB4 /* PKEPartyViewController.m in Sources */ = {isa = PBXBuildFile; fileRef = 3F375C7C18CCA6D300A93DB4 /* PKEPartyViewController.m */; };
		3F375C8018CCA71B00A93DB4 /* PKETableViewController.m in Sources */ = {isa = PBXBuildFile; fileRef = 3F375C7F18CCA71B00A93DB4 /* PKETableViewController.m */; };
		3F375C8218CCB12800A93DB4 /* Party.plist in Resources */ = {isa = PBXBuildFile; fileRef = 3F375C8118CCB12800A93DB4 /* Party.plist */; };
		3F375C8518CCB27B00A93DB4 /* PKEMemberCell.m in Sources */ = {isa = PBXBuildFile; fileRef = 3F375C8418CCB27B00A93DB4 /* PKEMemberCell.m */; };
		3F43557E18CF6AB900806A8F /* PKEMovesetViewController.m in Sources */ = {isa = PBXBuildFile; fileRef = 3F43557D18CF6AB900806A8F /* PKEMovesetViewController.m */; };
		3F43558018CF6B5600806A8F /* Moveset.plist in Resources */ = {isa = PBXBuildFile; fileRef = 3F43557F18CF6B5600806A8F /* Moveset.plist */; };
		3F43558318CF6D7F00806A8F /* PKEMove.m in Sources */ = {isa = PBXBuildFile; fileRef = 3F43558218CF6D7F00806A8F /* PKEMove.m */; };
		3F778FBD18C7AE3400771A9E /* PKEListViewController.m in Sources */ = {isa = PBXBuildFile; fileRef = 3F778FBC18C7AE3400771A9E /* PKEListViewController.m */; };
		3F87BD8518C7A60F00400F64 /* Foundation.framework in Frameworks */ = {isa = PBXBuildFile; fileRef = 3F87BD8418C7A60F00400F64 /* Foundation.framework */; };
		3F87BD8718C7A60F00400F64 /* CoreGraphics.framework in Frameworks */ = {isa = PBXBuildFile; fileRef = 3F87BD8618C7A60F00400F64 /* CoreGraphics.framework */; };
		3F87BD8918C7A60F00400F64 /* UIKit.framework in Frameworks */ = {isa = PBXBuildFile; fileRef = 3F87BD8818C7A60F00400F64 /* UIKit.framework */; };
		3F87BD9718C7A60F00400F64 /* Images.xcassets in Resources */ = {isa = PBXBuildFile; fileRef = 3F87BD9618C7A60F00400F64 /* Images.xcassets */; };
		3F87BDBB18C7A6A500400F64 /* main.m in Sources */ = {isa = PBXBuildFile; fileRef = 3F87BDB718C7A6A500400F64 /* main.m */; };
		3F87BDBF18C7A6AE00400F64 /* PKEAppDelegate.m in Sources */ = {isa = PBXBuildFile; fileRef = 3F87BDBE18C7A6AE00400F64 /* PKEAppDelegate.m */; };
		3F87BDC018C7A6B700400F64 /* InfoPlist.strings in Resources */ = {isa = PBXBuildFile; fileRef = 3F87BDC218C7A6B700400F64 /* InfoPlist.strings */; };
		3F87BDC818C7A72F00400F64 /* Main.storyboard in Resources */ = {isa = PBXBuildFile; fileRef = 3F87BDCA18C7A72F00400F64 /* Main.storyboard */; };
		3F93181618CF70ED0023E7A5 /* PKEMoveCell.m in Sources */ = {isa = PBXBuildFile; fileRef = 3F93181518CF70ED0023E7A5 /* PKEMoveCell.m */; };
		3F93181918CF7E500023E7A5 /* PKELabel.m in Sources */ = {isa = PBXBuildFile; fileRef = 3F93181818CF7E500023E7A5 /* PKELabel.m */; };
		3F93181C18CF88DF0023E7A5 /* PKEEffectiveViewController.m in Sources */ = {isa = PBXBuildFile; fileRef = 3F93181B18CF88DF0023E7A5 /* PKEEffectiveViewController.m */; };
		3F93181F18CF899C0023E7A5 /* PKEEffectiveCell.m in Sources */ = {isa = PBXBuildFile; fileRef = 3F93181E18CF899C0023E7A5 /* PKEEffectiveCell.m */; };
		3FCC8A9818CCECF500F4F0A3 /* PKEAboutViewController.m in Sources */ = {isa = PBXBuildFile; fileRef = 3FCC8A9718CCECF500F4F0A3 /* PKEAboutViewController.m */; };
		3FCC8A9A18CCEE8400F4F0A3 /* Social.framework in Frameworks */ = {isa = PBXBuildFile; fileRef = 3FCC8A9918CCEE8400F4F0A3 /* Social.framework */; };
		3FCC8A9C18CCEE9000F4F0A3 /* Accounts.framework in Frameworks */ = {isa = PBXBuildFile; fileRef = 3FCC8A9B18CCEE9000F4F0A3 /* Accounts.framework */; };
		3FCC8A9E18CCEE9500F4F0A3 /* MessageUI.framework in Frameworks */ = {isa = PBXBuildFile; fileRef = 3FCC8A9D18CCEE9500F4F0A3 /* MessageUI.framework */; };
		3FCC8AA018CCEF4300F4F0A3 /* Pods-acknowledgements.plist in Resources */ = {isa = PBXBuildFile; fileRef = 3FCC8A9F18CCEF4300F4F0A3 /* Pods-acknowledgements.plist */; };
		3FCC8AA718CCF03B00F4F0A3 /* 094.png in Resources */ = {isa = PBXBuildFile; fileRef = 3FCC8AA118CCF03B00F4F0A3 /* 094.png */; };
		3FCC8AA818CCF03B00F4F0A3 /* 149.png in Resources */ = {isa = PBXBuildFile; fileRef = 3FCC8AA218CCF03B00F4F0A3 /* 149.png */; };
		3FCC8AA918CCF03B00F4F0A3 /* 227.png in Resources */ = {isa = PBXBuildFile; fileRef = 3FCC8AA318CCF03B00F4F0A3 /* 227.png */; };
		3FCC8AAA18CCF03B00F4F0A3 /* 242.png in Resources */ = {isa = PBXBuildFile; fileRef = 3FCC8AA418CCF03B00F4F0A3 /* 242.png */; };
		3FCC8AAB18CCF03B00F4F0A3 /* 445.png in Resources */ = {isa = PBXBuildFile; fileRef = 3FCC8AA518CCF03B00F4F0A3 /* 445.png */; };
		3FCC8AAC18CCF03B00F4F0A3 /* 701.png in Resources */ = {isa = PBXBuildFile; fileRef = 3FCC8AA618CCF03B00F4F0A3 /* 701.png */; };
		89EF30601966462586F702FA /* libPods.a in Frameworks */ = {isa = PBXBuildFile; fileRef = 82FCB715879F48319E6F6D82 /* libPods.a */; };
/* End PBXBuildFile section */

/* Begin PBXFileReference section */
		3F1396F318CB5CA3009B31A3 /* PKEPokemonCell.h */ = {isa = PBXFileReference; fileEncoding = 4; lastKnownFileType = sourcecode.c.h; name = PKEPokemonCell.h; path = Views/PKEPokemonCell.h; sourceTree = "<group>"; };
		3F1396F418CB5CA3009B31A3 /* PKEPokemonCell.m */ = {isa = PBXFileReference; fileEncoding = 4; lastKnownFileType = sourcecode.c.objc; name = PKEPokemonCell.m; path = Views/PKEPokemonCell.m; sourceTree = "<group>"; };
		3F1396F718CB5D8E009B31A3 /* PKEDataBaseManager.h */ = {isa = PBXFileReference; fileEncoding = 4; lastKnownFileType = sourcecode.c.h; name = PKEDataBaseManager.h; path = Managers/PKEDataBaseManager.h; sourceTree = "<group>"; };
		3F1396F818CB5D8E009B31A3 /* PKEDataBaseManager.m */ = {isa = PBXFileReference; fileEncoding = 4; lastKnownFileType = sourcecode.c.objc; name = PKEDataBaseManager.m; path = Managers/PKEDataBaseManager.m; sourceTree = "<group>"; };
		3F1396FB18CB5DC8009B31A3 /* PKEPokemon.h */ = {isa = PBXFileReference; fileEncoding = 4; lastKnownFileType = sourcecode.c.h; name = PKEPokemon.h; path = Models/PKEPokemon.h; sourceTree = "<group>"; };
		3F1396FC18CB5DC8009B31A3 /* PKEPokemon.m */ = {isa = PBXFileReference; fileEncoding = 4; lastKnownFileType = sourcecode.c.objc; name = PKEPokemon.m; path = Models/PKEPokemon.m; sourceTree = "<group>"; };
		3F1396FE18CB6111009B31A3 /* Pokemons.plist */ = {isa = PBXFileReference; fileEncoding = 4; lastKnownFileType = text.plist.xml; name = Pokemons.plist; path = Supporting/Pokemons.plist; sourceTree = "<group>"; };
		3F13970018CB630E009B31A3 /* Types.plist */ = {isa = PBXFileReference; fileEncoding = 4; lastKnownFileType = text.plist.xml; name = Types.plist; path = Supporting/Types.plist; sourceTree = "<group>"; };
		3F13970318CB66A2009B31A3 /* 001.png */ = {isa = PBXFileReference; lastKnownFileType = image.png; name = 001.png; path = Supporting/Pictures/001.png; sourceTree = "<group>"; };
		3F13970418CB66A2009B31A3 /* 002.png */ = {isa = PBXFileReference; lastKnownFileType = image.png; name = 002.png; path = Supporting/Pictures/002.png; sourceTree = "<group>"; };
		3F13970518CB66A2009B31A3 /* 003.png */ = {isa = PBXFileReference; lastKnownFileType = image.png; name = 003.png; path = Supporting/Pictures/003.png; sourceTree = "<group>"; };
		3F13970618CB66A2009B31A3 /* 004.png */ = {isa = PBXFileReference; lastKnownFileType = image.png; name = 004.png; path = Supporting/Pictures/004.png; sourceTree = "<group>"; };
		3F13970718CB66A2009B31A3 /* 005.png */ = {isa = PBXFileReference; lastKnownFileType = image.png; name = 005.png; path = Supporting/Pictures/005.png; sourceTree = "<group>"; };
		3F13970818CB66A2009B31A3 /* 006.png */ = {isa = PBXFileReference; lastKnownFileType = image.png; name = 006.png; path = Supporting/Pictures/006.png; sourceTree = "<group>"; };
		3F13970918CB66A2009B31A3 /* 007.png */ = {isa = PBXFileReference; lastKnownFileType = image.png; name = 007.png; path = Supporting/Pictures/007.png; sourceTree = "<group>"; };
		3F13970A18CB66A2009B31A3 /* 008.png */ = {isa = PBXFileReference; lastKnownFileType = image.png; name = 008.png; path = Supporting/Pictures/008.png; sourceTree = "<group>"; };
		3F13970B18CB66A2009B31A3 /* 009.png */ = {isa = PBXFileReference; lastKnownFileType = image.png; name = 009.png; path = Supporting/Pictures/009.png; sourceTree = "<group>"; };
		3F13970C18CB66A2009B31A3 /* 010.png */ = {isa = PBXFileReference; lastKnownFileType = image.png; name = 010.png; path = Supporting/Pictures/010.png; sourceTree = "<group>"; };
		3F13970D18CB66A2009B31A3 /* 011.png */ = {isa = PBXFileReference; lastKnownFileType = image.png; name = 011.png; path = Supporting/Pictures/011.png; sourceTree = "<group>"; };
		3F13970E18CB66A2009B31A3 /* 012.png */ = {isa = PBXFileReference; lastKnownFileType = image.png; name = 012.png; path = Supporting/Pictures/012.png; sourceTree = "<group>"; };
		3F13971F18CB97FE009B31A3 /* UIColor+DarkerColor.h */ = {isa = PBXFileReference; fileEncoding = 4; lastKnownFileType = sourcecode.c.h; name = "UIColor+DarkerColor.h"; path = "Extensions/UIColor+DarkerColor.h"; sourceTree = "<group>"; };
		3F13972018CB97FE009B31A3 /* UIColor+DarkerColor.m */ = {isa = PBXFileReference; fileEncoding = 4; lastKnownFileType = sourcecode.c.objc; name = "UIColor+DarkerColor.m"; path = "Extensions/UIColor+DarkerColor.m"; sourceTree = "<group>"; };
		3F13972218CBA959009B31A3 /* PKEFilterViewController.h */ = {isa = PBXFileReference; fileEncoding = 4; lastKnownFileType = sourcecode.c.h; name = PKEFilterViewController.h; path = Controllers/PKEFilterViewController.h; sourceTree = "<group>"; };
		3F13972318CBA959009B31A3 /* PKEFilterViewController.m */ = {isa = PBXFileReference; fileEncoding = 4; lastKnownFileType = sourcecode.c.objc; name = PKEFilterViewController.m; path = Controllers/PKEFilterViewController.m; sourceTree = "<group>"; };
		3F13972C18CBAE1A009B31A3 /* PKETableViewCell.h */ = {isa = PBXFileReference; fileEncoding = 4; lastKnownFileType = sourcecode.c.h; name = PKETableViewCell.h; path = Extensions/PKETableViewCell.h; sourceTree = "<group>"; };
		3F13972D18CBAE1A009B31A3 /* PKETableViewCell.m */ = {isa = PBXFileReference; fileEncoding = 4; lastKnownFileType = sourcecode.c.objc; name = PKETableViewCell.m; path = Extensions/PKETableViewCell.m; sourceTree = "<group>"; };
		3F13972F18CBB3FE009B31A3 /* PKETypeViewController.h */ = {isa = PBXFileReference; fileEncoding = 4; lastKnownFileType = sourcecode.c.h; name = PKETypeViewController.h; path = Controllers/PKETypeViewController.h; sourceTree = "<group>"; };
		3F13973018CBB3FE009B31A3 /* PKETypeViewController.m */ = {isa = PBXFileReference; fileEncoding = 4; lastKnownFileType = sourcecode.c.objc; name = PKETypeViewController.m; path = Controllers/PKETypeViewController.m; sourceTree = "<group>"; };
		3F13973218CBB551009B31A3 /* PKECollectionViewCell.h */ = {isa = PBXFileReference; fileEncoding = 4; lastKnownFileType = sourcecode.c.h; name = PKECollectionViewCell.h; path = Extensions/PKECollectionViewCell.h; sourceTree = "<group>"; };
		3F13973318CBB551009B31A3 /* PKECollectionViewCell.m */ = {isa = PBXFileReference; fileEncoding = 4; lastKnownFileType = sourcecode.c.objc; name = PKECollectionViewCell.m; path = Extensions/PKECollectionViewCell.m; sourceTree = "<group>"; };
		3F13973518CBBAF7009B31A3 /* PKETypeCell.h */ = {isa = PBXFileReference; fileEncoding = 4; lastKnownFileType = sourcecode.c.h; name = PKETypeCell.h; path = Views/PKETypeCell.h; sourceTree = "<group>"; };
		3F13973618CBBAF7009B31A3 /* PKETypeCell.m */ = {isa = PBXFileReference; fileEncoding = 4; lastKnownFileType = sourcecode.c.objc; name = PKETypeCell.m; path = Views/PKETypeCell.m; sourceTree = "<group>"; };
		3F375C7318CC7B6A00A93DB4 /* PKESearchViewController.h */ = {isa = PBXFileReference; fileEncoding = 4; lastKnownFileType = sourcecode.c.h; name = PKESearchViewController.h; path = Controllers/PKESearchViewController.h; sourceTree = "<group>"; };
		3F375C7418CC7B6A00A93DB4 /* PKESearchViewController.m */ = {isa = PBXFileReference; fileEncoding = 4; lastKnownFileType = sourcecode.c.objc; name = PKESearchViewController.m; path = Controllers/PKESearchViewController.m; sourceTree = "<group>"; };
		3F375C7918CC818F00A93DB4 /* PKEPokemonCell.xib */ = {isa = PBXFileReference; fileEncoding = 4; lastKnownFileType = file.xib; name = PKEPokemonCell.xib; path = Views/PKEPokemonCell.xib; sourceTree = "<group>"; };
		3F375C7B18CCA6D300A93DB4 /* PKEPartyViewController.h */ = {isa = PBXFileReference; fileEncoding = 4; lastKnownFileType = sourcecode.c.h; name = PKEPartyViewController.h; path = Controllers/PKEPartyViewController.h; sourceTree = "<group>"; };
		3F375C7C18CCA6D300A93DB4 /* PKEPartyViewController.m */ = {isa = PBXFileReference; fileEncoding = 4; lastKnownFileType = sourcecode.c.objc; name = PKEPartyViewController.m; path = Controllers/PKEPartyViewController.m; sourceTree = "<group>"; };
		3F375C7E18CCA71B00A93DB4 /* PKETableViewController.h */ = {isa = PBXFileReference; fileEncoding = 4; lastKnownFileType = sourcecode.c.h; name = PKETableViewController.h; path = Extensions/PKETableViewController.h; sourceTree = "<group>"; };
		3F375C7F18CCA71B00A93DB4 /* PKETableViewController.m */ = {isa = PBXFileReference; fileEncoding = 4; lastKnownFileType = sourcecode.c.objc; name = PKETableViewController.m; path = Extensions/PKETableViewController.m; sourceTree = "<group>"; };
		3F375C8118CCB12800A93DB4 /* Party.plist */ = {isa = PBXFileReference; fileEncoding = 4; lastKnownFileType = text.plist.xml; name = Party.plist; path = Supporting/Party.plist; sourceTree = "<group>"; };
		3F375C8318CCB27B00A93DB4 /* PKEMemberCell.h */ = {isa = PBXFileReference; fileEncoding = 4; lastKnownFileType = sourcecode.c.h; name = PKEMemberCell.h; path = Views/PKEMemberCell.h; sourceTree = "<group>"; };
		3F375C8418CCB27B00A93DB4 /* PKEMemberCell.m */ = {isa = PBXFileReference; fileEncoding = 4; lastKnownFileType = sourcecode.c.objc; name = PKEMemberCell.m; path = Views/PKEMemberCell.m; sourceTree = "<group>"; };
		3F43557C18CF6AB900806A8F /* PKEMovesetViewController.h */ = {isa = PBXFileReference; fileEncoding = 4; lastKnownFileType = sourcecode.c.h; name = PKEMovesetViewController.h; path = Controllers/PKEMovesetViewController.h; sourceTree = "<group>"; };
		3F43557D18CF6AB900806A8F /* PKEMovesetViewController.m */ = {isa = PBXFileReference; fileEncoding = 4; lastKnownFileType = sourcecode.c.objc; name = PKEMovesetViewController.m; path = Controllers/PKEMovesetViewController.m; sourceTree = "<group>"; };
		3F43557F18CF6B5600806A8F /* Moveset.plist */ = {isa = PBXFileReference; fileEncoding = 4; lastKnownFileType = text.plist.xml; name = Moveset.plist; path = Supporting/Moveset.plist; sourceTree = "<group>"; };
		3F43558118CF6D7F00806A8F /* PKEMove.h */ = {isa = PBXFileReference; fileEncoding = 4; lastKnownFileType = sourcecode.c.h; name = PKEMove.h; path = Models/PKEMove.h; sourceTree = "<group>"; };
		3F43558218CF6D7F00806A8F /* PKEMove.m */ = {isa = PBXFileReference; fileEncoding = 4; lastKnownFileType = sourcecode.c.objc; name = PKEMove.m; path = Models/PKEMove.m; sourceTree = "<group>"; };
		3F778FBB18C7AE3400771A9E /* PKEListViewController.h */ = {isa = PBXFileReference; fileEncoding = 4; lastKnownFileType = sourcecode.c.h; name = PKEListViewController.h; path = Controllers/PKEListViewController.h; sourceTree = "<group>"; };
		3F778FBC18C7AE3400771A9E /* PKEListViewController.m */ = {isa = PBXFileReference; fileEncoding = 4; lastKnownFileType = sourcecode.c.objc; name = PKEListViewController.m; path = Controllers/PKEListViewController.m; sourceTree = "<group>"; };
		3F87BD8118C7A60F00400F64 /* Pokeffective.app */ = {isa = PBXFileReference; explicitFileType = wrapper.application; includeInIndex = 0; path = Pokeffective.app; sourceTree = BUILT_PRODUCTS_DIR; };
		3F87BD8418C7A60F00400F64 /* Foundation.framework */ = {isa = PBXFileReference; lastKnownFileType = wrapper.framework; name = Foundation.framework; path = System/Library/Frameworks/Foundation.framework; sourceTree = SDKROOT; };
		3F87BD8618C7A60F00400F64 /* CoreGraphics.framework */ = {isa = PBXFileReference; lastKnownFileType = wrapper.framework; name = CoreGraphics.framework; path = System/Library/Frameworks/CoreGraphics.framework; sourceTree = SDKROOT; };
		3F87BD8818C7A60F00400F64 /* UIKit.framework */ = {isa = PBXFileReference; lastKnownFileType = wrapper.framework; name = UIKit.framework; path = System/Library/Frameworks/UIKit.framework; sourceTree = SDKROOT; };
		3F87BD9618C7A60F00400F64 /* Images.xcassets */ = {isa = PBXFileReference; lastKnownFileType = folder.assetcatalog; path = Images.xcassets; sourceTree = "<group>"; };
		3F87BD9D18C7A60F00400F64 /* XCTest.framework */ = {isa = PBXFileReference; lastKnownFileType = wrapper.framework; name = XCTest.framework; path = Library/Frameworks/XCTest.framework; sourceTree = DEVELOPER_DIR; };
		3F87BDB718C7A6A500400F64 /* main.m */ = {isa = PBXFileReference; fileEncoding = 4; lastKnownFileType = sourcecode.c.objc; name = main.m; path = Supporting/main.m; sourceTree = "<group>"; };
		3F87BDB818C7A6A500400F64 /* Pokeffective-Info.plist */ = {isa = PBXFileReference; fileEncoding = 4; lastKnownFileType = text.plist.xml; name = "Pokeffective-Info.plist"; path = "Supporting/Pokeffective-Info.plist"; sourceTree = "<group>"; };
		3F87BDB918C7A6A500400F64 /* Pokeffective-Prefix.pch */ = {isa = PBXFileReference; fileEncoding = 4; lastKnownFileType = sourcecode.c.h; name = "Pokeffective-Prefix.pch"; path = "Supporting/Pokeffective-Prefix.pch"; sourceTree = "<group>"; };
		3F87BDBD18C7A6AE00400F64 /* PKEAppDelegate.h */ = {isa = PBXFileReference; fileEncoding = 4; lastKnownFileType = sourcecode.c.h; name = PKEAppDelegate.h; path = Application/PKEAppDelegate.h; sourceTree = "<group>"; };
		3F87BDBE18C7A6AE00400F64 /* PKEAppDelegate.m */ = {isa = PBXFileReference; fileEncoding = 4; lastKnownFileType = sourcecode.c.objc; name = PKEAppDelegate.m; path = Application/PKEAppDelegate.m; sourceTree = "<group>"; };
		3F87BDC118C7A6B700400F64 /* en */ = {isa = PBXFileReference; lastKnownFileType = text.plist.strings; name = en; path = en.lproj/InfoPlist.strings; sourceTree = "<group>"; };
		3F87BDC918C7A72F00400F64 /* en */ = {isa = PBXFileReference; lastKnownFileType = file.storyboard; name = en; path = en.lproj/Main.storyboard; sourceTree = "<group>"; };
		3F93181418CF70ED0023E7A5 /* PKEMoveCell.h */ = {isa = PBXFileReference; fileEncoding = 4; lastKnownFileType = sourcecode.c.h; name = PKEMoveCell.h; path = Views/PKEMoveCell.h; sourceTree = "<group>"; };
		3F93181518CF70ED0023E7A5 /* PKEMoveCell.m */ = {isa = PBXFileReference; fileEncoding = 4; lastKnownFileType = sourcecode.c.objc; name = PKEMoveCell.m; path = Views/PKEMoveCell.m; sourceTree = "<group>"; };
		3F93181718CF7E500023E7A5 /* PKELabel.h */ = {isa = PBXFileReference; fileEncoding = 4; lastKnownFileType = sourcecode.c.h; name = PKELabel.h; path = Extensions/PKELabel.h; sourceTree = "<group>"; };
		3F93181818CF7E500023E7A5 /* PKELabel.m */ = {isa = PBXFileReference; fileEncoding = 4; lastKnownFileType = sourcecode.c.objc; name = PKELabel.m; path = Extensions/PKELabel.m; sourceTree = "<group>"; };
		3F93181A18CF88DF0023E7A5 /* PKEEffectiveViewController.h */ = {isa = PBXFileReference; fileEncoding = 4; lastKnownFileType = sourcecode.c.h; name = PKEEffectiveViewController.h; path = Controllers/PKEEffectiveViewController.h; sourceTree = "<group>"; };
		3F93181B18CF88DF0023E7A5 /* PKEEffectiveViewController.m */ = {isa = PBXFileReference; fileEncoding = 4; lastKnownFileType = sourcecode.c.objc; name = PKEEffectiveViewController.m; path = Controllers/PKEEffectiveViewController.m; sourceTree = "<group>"; };
		3F93181D18CF899C0023E7A5 /* PKEEffectiveCell.h */ = {isa = PBXFileReference; fileEncoding = 4; lastKnownFileType = sourcecode.c.h; name = PKEEffectiveCell.h; path = Views/PKEEffectiveCell.h; sourceTree = "<group>"; };
		3F93181E18CF899C0023E7A5 /* PKEEffectiveCell.m */ = {isa = PBXFileReference; fileEncoding = 4; lastKnownFileType = sourcecode.c.objc; name = PKEEffectiveCell.m; path = Views/PKEEffectiveCell.m; sourceTree = "<group>"; };
		3FCC8A9618CCECF500F4F0A3 /* PKEAboutViewController.h */ = {isa = PBXFileReference; fileEncoding = 4; lastKnownFileType = sourcecode.c.h; name = PKEAboutViewController.h; path = Controllers/PKEAboutViewController.h; sourceTree = "<group>"; };
		3FCC8A9718CCECF500F4F0A3 /* PKEAboutViewController.m */ = {isa = PBXFileReference; fileEncoding = 4; lastKnownFileType = sourcecode.c.objc; name = PKEAboutViewController.m; path = Controllers/PKEAboutViewController.m; sourceTree = "<group>"; };
		3FCC8A9918CCEE8400F4F0A3 /* Social.framework */ = {isa = PBXFileReference; lastKnownFileType = wrapper.framework; name = Social.framework; path = System/Library/Frameworks/Social.framework; sourceTree = SDKROOT; };
		3FCC8A9B18CCEE9000F4F0A3 /* Accounts.framework */ = {isa = PBXFileReference; lastKnownFileType = wrapper.framework; name = Accounts.framework; path = System/Library/Frameworks/Accounts.framework; sourceTree = SDKROOT; };
		3FCC8A9D18CCEE9500F4F0A3 /* MessageUI.framework */ = {isa = PBXFileReference; lastKnownFileType = wrapper.framework; name = MessageUI.framework; path = System/Library/Frameworks/MessageUI.framework; sourceTree = SDKROOT; };
		3FCC8A9F18CCEF4300F4F0A3 /* Pods-acknowledgements.plist */ = {isa = PBXFileReference; fileEncoding = 4; lastKnownFileType = text.plist.xml; name = "Pods-acknowledgements.plist"; path = "Pods/Pods-acknowledgements.plist"; sourceTree = SOURCE_ROOT; };
		3FCC8AA118CCF03B00F4F0A3 /* 094.png */ = {isa = PBXFileReference; lastKnownFileType = image.png; name = 094.png; path = Supporting/Pictures/094.png; sourceTree = "<group>"; };
		3FCC8AA218CCF03B00F4F0A3 /* 149.png */ = {isa = PBXFileReference; lastKnownFileType = image.png; name = 149.png; path = Supporting/Pictures/149.png; sourceTree = "<group>"; };
		3FCC8AA318CCF03B00F4F0A3 /* 227.png */ = {isa = PBXFileReference; lastKnownFileType = image.png; name = 227.png; path = Supporting/Pictures/227.png; sourceTree = "<group>"; };
		3FCC8AA418CCF03B00F4F0A3 /* 242.png */ = {isa = PBXFileReference; lastKnownFileType = image.png; name = 242.png; path = Supporting/Pictures/242.png; sourceTree = "<group>"; };
		3FCC8AA518CCF03B00F4F0A3 /* 445.png */ = {isa = PBXFileReference; lastKnownFileType = image.png; name = 445.png; path = Supporting/Pictures/445.png; sourceTree = "<group>"; };
		3FCC8AA618CCF03B00F4F0A3 /* 701.png */ = {isa = PBXFileReference; lastKnownFileType = image.png; name = 701.png; path = Supporting/Pictures/701.png; sourceTree = "<group>"; };
		82FCB715879F48319E6F6D82 /* libPods.a */ = {isa = PBXFileReference; explicitFileType = archive.ar; includeInIndex = 0; path = libPods.a; sourceTree = BUILT_PRODUCTS_DIR; };
		E8EE4AC78B264D2FB149AB3C /* Pods.xcconfig */ = {isa = PBXFileReference; includeInIndex = 1; lastKnownFileType = text.xcconfig; name = Pods.xcconfig; path = Pods/Pods.xcconfig; sourceTree = "<group>"; };
/* End PBXFileReference section */

/* Begin PBXFrameworksBuildPhase section */
		3F87BD7E18C7A60F00400F64 /* Frameworks */ = {
			isa = PBXFrameworksBuildPhase;
			buildActionMask = 2147483647;
			files = (
				3FCC8A9E18CCEE9500F4F0A3 /* MessageUI.framework in Frameworks */,
				3FCC8A9C18CCEE9000F4F0A3 /* Accounts.framework in Frameworks */,
				3FCC8A9A18CCEE8400F4F0A3 /* Social.framework in Frameworks */,
				3F87BD8718C7A60F00400F64 /* CoreGraphics.framework in Frameworks */,
				3F87BD8918C7A60F00400F64 /* UIKit.framework in Frameworks */,
				3F87BD8518C7A60F00400F64 /* Foundation.framework in Frameworks */,
				89EF30601966462586F702FA /* libPods.a in Frameworks */,
			);
			runOnlyForDeploymentPostprocessing = 0;
		};
/* End PBXFrameworksBuildPhase section */

/* Begin PBXGroup section */
		3F1396F618CB5D5C009B31A3 /* Managers */ = {
			isa = PBXGroup;
			children = (
				3F1396F718CB5D8E009B31A3 /* PKEDataBaseManager.h */,
				3F1396F818CB5D8E009B31A3 /* PKEDataBaseManager.m */,
			);
			name = Managers;
			sourceTree = "<group>";
		};
		3F1396FA18CB5DA6009B31A3 /* Models */ = {
			isa = PBXGroup;
			children = (
				3F1396FB18CB5DC8009B31A3 /* PKEPokemon.h */,
				3F1396FC18CB5DC8009B31A3 /* PKEPokemon.m */,
				3F43558118CF6D7F00806A8F /* PKEMove.h */,
				3F43558218CF6D7F00806A8F /* PKEMove.m */,
			);
			name = Models;
			sourceTree = "<group>";
		};
		3F13970218CB6683009B31A3 /* Pictures */ = {
			isa = PBXGroup;
			children = (
				3FCC8AA118CCF03B00F4F0A3 /* 094.png */,
				3FCC8AA218CCF03B00F4F0A3 /* 149.png */,
				3FCC8AA318CCF03B00F4F0A3 /* 227.png */,
				3FCC8AA418CCF03B00F4F0A3 /* 242.png */,
				3FCC8AA518CCF03B00F4F0A3 /* 445.png */,
				3FCC8AA618CCF03B00F4F0A3 /* 701.png */,
				3F13970318CB66A2009B31A3 /* 001.png */,
				3F13970418CB66A2009B31A3 /* 002.png */,
				3F13970518CB66A2009B31A3 /* 003.png */,
				3F13970618CB66A2009B31A3 /* 004.png */,
				3F13970718CB66A2009B31A3 /* 005.png */,
				3F13970818CB66A2009B31A3 /* 006.png */,
				3F13970918CB66A2009B31A3 /* 007.png */,
				3F13970A18CB66A2009B31A3 /* 008.png */,
				3F13970B18CB66A2009B31A3 /* 009.png */,
				3F13970C18CB66A2009B31A3 /* 010.png */,
				3F13970D18CB66A2009B31A3 /* 011.png */,
				3F13970E18CB66A2009B31A3 /* 012.png */,
			);
			name = Pictures;
			sourceTree = "<group>";
		};
		3F13971E18CB97CD009B31A3 /* Extensions */ = {
			isa = PBXGroup;
			children = (
				3F375C7E18CCA71B00A93DB4 /* PKETableViewController.h */,
				3F375C7F18CCA71B00A93DB4 /* PKETableViewController.m */,
				3F13971F18CB97FE009B31A3 /* UIColor+DarkerColor.h */,
				3F13972018CB97FE009B31A3 /* UIColor+DarkerColor.m */,
				3F13972C18CBAE1A009B31A3 /* PKETableViewCell.h */,
				3F13972D18CBAE1A009B31A3 /* PKETableViewCell.m */,
				3F13973218CBB551009B31A3 /* PKECollectionViewCell.h */,
				3F13973318CBB551009B31A3 /* PKECollectionViewCell.m */,
				3F93181718CF7E500023E7A5 /* PKELabel.h */,
				3F93181818CF7E500023E7A5 /* PKELabel.m */,
			);
			name = Extensions;
			sourceTree = "<group>";
		};
		3F778FBA18C7ADFD00771A9E /* Controllers */ = {
			isa = PBXGroup;
			children = (
				3F778FBB18C7AE3400771A9E /* PKEListViewController.h */,
				3F778FBC18C7AE3400771A9E /* PKEListViewController.m */,
				3F13972218CBA959009B31A3 /* PKEFilterViewController.h */,
				3F13972318CBA959009B31A3 /* PKEFilterViewController.m */,
				3F13972F18CBB3FE009B31A3 /* PKETypeViewController.h */,
				3F13973018CBB3FE009B31A3 /* PKETypeViewController.m */,
				3F375C7318CC7B6A00A93DB4 /* PKESearchViewController.h */,
				3F375C7418CC7B6A00A93DB4 /* PKESearchViewController.m */,
				3F375C7B18CCA6D300A93DB4 /* PKEPartyViewController.h */,
				3F375C7C18CCA6D300A93DB4 /* PKEPartyViewController.m */,
				3FCC8A9618CCECF500F4F0A3 /* PKEAboutViewController.h */,
				3FCC8A9718CCECF500F4F0A3 /* PKEAboutViewController.m */,
				3F43557C18CF6AB900806A8F /* PKEMovesetViewController.h */,
				3F43557D18CF6AB900806A8F /* PKEMovesetViewController.m */,
				3F93181A18CF88DF0023E7A5 /* PKEEffectiveViewController.h */,
				3F93181B18CF88DF0023E7A5 /* PKEEffectiveViewController.m */,
			);
			name = Controllers;
			sourceTree = "<group>";
		};
		3F87BD7818C7A60F00400F64 = {
			isa = PBXGroup;
			children = (
				3F87BD8A18C7A60F00400F64 /* Pokeffective */,
				3F87BD8318C7A60F00400F64 /* Frameworks */,
				3F87BD8218C7A60F00400F64 /* Products */,
				E8EE4AC78B264D2FB149AB3C /* Pods.xcconfig */,
			);
			sourceTree = "<group>";
		};
		3F87BD8218C7A60F00400F64 /* Products */ = {
			isa = PBXGroup;
			children = (
				3F87BD8118C7A60F00400F64 /* Pokeffective.app */,
			);
			name = Products;
			sourceTree = "<group>";
		};
		3F87BD8318C7A60F00400F64 /* Frameworks */ = {
			isa = PBXGroup;
			children = (
				3FCC8A9D18CCEE9500F4F0A3 /* MessageUI.framework */,
				3FCC8A9B18CCEE9000F4F0A3 /* Accounts.framework */,
				3FCC8A9918CCEE8400F4F0A3 /* Social.framework */,
				3F87BD8418C7A60F00400F64 /* Foundation.framework */,
				3F87BD8618C7A60F00400F64 /* CoreGraphics.framework */,
				3F87BD8818C7A60F00400F64 /* UIKit.framework */,
				3F87BD9D18C7A60F00400F64 /* XCTest.framework */,
				82FCB715879F48319E6F6D82 /* libPods.a */,
			);
			name = Frameworks;
			sourceTree = "<group>";
		};
		3F87BD8A18C7A60F00400F64 /* Pokeffective */ = {
			isa = PBXGroup;
			children = (
				3F87BDB518C7A68300400F64 /* Application */,
				3F778FBA18C7ADFD00771A9E /* Controllers */,
				3F13971E18CB97CD009B31A3 /* Extensions */,
				3F87BD9618C7A60F00400F64 /* Images.xcassets */,
				3F1396F618CB5D5C009B31A3 /* Managers */,
				3F1396FA18CB5DA6009B31A3 /* Models */,
				3F87BD8B18C7A60F00400F64 /* Supporting */,
				3F87BDC318C7A6E500400F64 /* Views */,
			);
			path = Pokeffective;
			sourceTree = "<group>";
		};
		3F87BD8B18C7A60F00400F64 /* Supporting */ = {
			isa = PBXGroup;
			children = (
				3F13970218CB6683009B31A3 /* Pictures */,
				3F87BDC218C7A6B700400F64 /* InfoPlist.strings */,
				3F87BDB718C7A6A500400F64 /* main.m */,
				3F87BDB818C7A6A500400F64 /* Pokeffective-Info.plist */,
				3F87BDB918C7A6A500400F64 /* Pokeffective-Prefix.pch */,
				3F375C8118CCB12800A93DB4 /* Party.plist */,
				3F1396FE18CB6111009B31A3 /* Pokemons.plist */,
				3F13970018CB630E009B31A3 /* Types.plist */,
				3FCC8A9F18CCEF4300F4F0A3 /* Pods-acknowledgements.plist */,
				3F43557F18CF6B5600806A8F /* Moveset.plist */,
			);
			name = Supporting;
			sourceTree = "<group>";
		};
		3F87BDB518C7A68300400F64 /* Application */ = {
			isa = PBXGroup;
			children = (
				3F87BDBD18C7A6AE00400F64 /* PKEAppDelegate.h */,
				3F87BDBE18C7A6AE00400F64 /* PKEAppDelegate.m */,
			);
			name = Application;
			sourceTree = "<group>";
		};
		3F87BDC318C7A6E500400F64 /* Views */ = {
			isa = PBXGroup;
			children = (
				3F87BDCA18C7A72F00400F64 /* Main.storyboard */,
				3F1396F318CB5CA3009B31A3 /* PKEPokemonCell.h */,
				3F1396F418CB5CA3009B31A3 /* PKEPokemonCell.m */,
				3F375C7918CC818F00A93DB4 /* PKEPokemonCell.xib */,
				3F13973518CBBAF7009B31A3 /* PKETypeCell.h */,
				3F13973618CBBAF7009B31A3 /* PKETypeCell.m */,
				3F375C8318CCB27B00A93DB4 /* PKEMemberCell.h */,
				3F375C8418CCB27B00A93DB4 /* PKEMemberCell.m */,
				3F93181418CF70ED0023E7A5 /* PKEMoveCell.h */,
				3F93181518CF70ED0023E7A5 /* PKEMoveCell.m */,
				3F93181D18CF899C0023E7A5 /* PKEEffectiveCell.h */,
				3F93181E18CF899C0023E7A5 /* PKEEffectiveCell.m */,
			);
			name = Views;
			sourceTree = "<group>";
		};
/* End PBXGroup section */

/* Begin PBXNativeTarget section */
		3F87BD8018C7A60F00400F64 /* Pokeffective */ = {
			isa = PBXNativeTarget;
			buildConfigurationList = 3F87BDAD18C7A60F00400F64 /* Build configuration list for PBXNativeTarget "Pokeffective" */;
			buildPhases = (
				9851EB938E4840D78C8BA8D2 /* Check Pods Manifest.lock */,
				3F87BD7D18C7A60F00400F64 /* Sources */,
				3F87BD7E18C7A60F00400F64 /* Frameworks */,
				3F87BD7F18C7A60F00400F64 /* Resources */,
				79172BFC5A2B4555AF10959A /* Copy Pods Resources */,
			);
			buildRules = (
			);
			dependencies = (
			);
			name = Pokeffective;
			productName = Pokeffective;
			productReference = 3F87BD8118C7A60F00400F64 /* Pokeffective.app */;
			productType = "com.apple.product-type.application";
		};
/* End PBXNativeTarget section */

/* Begin PBXProject section */
		3F87BD7918C7A60F00400F64 /* Project object */ = {
			isa = PBXProject;
			attributes = {
				CLASSPREFIX = PKE;
				LastUpgradeCheck = 0500;
				ORGANIZATIONNAME = "Renzo Crisóstomo";
			};
			buildConfigurationList = 3F87BD7C18C7A60F00400F64 /* Build configuration list for PBXProject "Pokeffective" */;
			compatibilityVersion = "Xcode 3.2";
			developmentRegion = English;
			hasScannedForEncodings = 0;
			knownRegions = (
				en,
			);
			mainGroup = 3F87BD7818C7A60F00400F64;
			productRefGroup = 3F87BD8218C7A60F00400F64 /* Products */;
			projectDirPath = "";
			projectRoot = "";
			targets = (
				3F87BD8018C7A60F00400F64 /* Pokeffective */,
			);
		};
/* End PBXProject section */

/* Begin PBXResourcesBuildPhase section */
		3F87BD7F18C7A60F00400F64 /* Resources */ = {
			isa = PBXResourcesBuildPhase;
			buildActionMask = 2147483647;
			files = (
				3F13971218CB66A2009B31A3 /* 004.png in Resources */,
				3FCC8AA018CCEF4300F4F0A3 /* Pods-acknowledgements.plist in Resources */,
				3FCC8AA818CCF03B00F4F0A3 /* 149.png in Resources */,
				3F375C7A18CC818F00A93DB4 /* PKEPokemonCell.xib in Resources */,
				3F1396FF18CB6111009B31A3 /* Pokemons.plist in Resources */,
				3F13971A18CB66A2009B31A3 /* 012.png in Resources */,
				3F87BDC818C7A72F00400F64 /* Main.storyboard in Resources */,
				3F13971818CB66A2009B31A3 /* 010.png in Resources */,
				3F13971018CB66A2009B31A3 /* 002.png in Resources */,
				3F87BD9718C7A60F00400F64 /* Images.xcassets in Resources */,
				3F13971318CB66A2009B31A3 /* 005.png in Resources */,
				3FCC8AAB18CCF03B00F4F0A3 /* 445.png in Resources */,
				3FCC8AAC18CCF03B00F4F0A3 /* 701.png in Resources */,
				3F13970F18CB66A2009B31A3 /* 001.png in Resources */,
				3F375C8218CCB12800A93DB4 /* Party.plist in Resources */,
				3FCC8AA918CCF03B00F4F0A3 /* 227.png in Resources */,
				3F13971118CB66A2009B31A3 /* 003.png in Resources */,
				3F13970118CB630E009B31A3 /* Types.plist in Resources */,
				3F13971718CB66A2009B31A3 /* 009.png in Resources */,
				3F13971518CB66A2009B31A3 /* 007.png in Resources */,
				3FCC8AAA18CCF03B00F4F0A3 /* 242.png in Resources */,
				3F13971918CB66A2009B31A3 /* 011.png in Resources */,
				3F43558018CF6B5600806A8F /* Moveset.plist in Resources */,
				3F13971418CB66A2009B31A3 /* 006.png in Resources */,
				3FCC8AA718CCF03B00F4F0A3 /* 094.png in Resources */,
				3F13971618CB66A2009B31A3 /* 008.png in Resources */,
				3F87BDC018C7A6B700400F64 /* InfoPlist.strings in Resources */,
			);
			runOnlyForDeploymentPostprocessing = 0;
		};
/* End PBXResourcesBuildPhase section */

/* Begin PBXShellScriptBuildPhase section */
		79172BFC5A2B4555AF10959A /* Copy Pods Resources */ = {
			isa = PBXShellScriptBuildPhase;
			buildActionMask = 2147483647;
			files = (
			);
			inputPaths = (
			);
			name = "Copy Pods Resources";
			outputPaths = (
			);
			runOnlyForDeploymentPostprocessing = 0;
			shellPath = /bin/sh;
			shellScript = "\"${SRCROOT}/Pods/Pods-resources.sh\"\n";
			showEnvVarsInLog = 0;
		};
		9851EB938E4840D78C8BA8D2 /* Check Pods Manifest.lock */ = {
			isa = PBXShellScriptBuildPhase;
			buildActionMask = 2147483647;
			files = (
			);
			inputPaths = (
			);
			name = "Check Pods Manifest.lock";
			outputPaths = (
			);
			runOnlyForDeploymentPostprocessing = 0;
			shellPath = /bin/sh;
			shellScript = "diff \"${PODS_ROOT}/../Podfile.lock\" \"${PODS_ROOT}/Manifest.lock\" > /dev/null\nif [[ $? != 0 ]] ; then\n    cat << EOM\nerror: The sandbox is not in sync with the Podfile.lock. Run 'pod install' or update your CocoaPods installation.\nEOM\n    exit 1\nfi\n";
			showEnvVarsInLog = 0;
		};
/* End PBXShellScriptBuildPhase section */

/* Begin PBXSourcesBuildPhase section */
		3F87BD7D18C7A60F00400F64 /* Sources */ = {
			isa = PBXSourcesBuildPhase;
			buildActionMask = 2147483647;
			files = (
				3F43558318CF6D7F00806A8F /* PKEMove.m in Sources */,
				3F1396FD18CB5DC8009B31A3 /* PKEPokemon.m in Sources */,
				3F93181F18CF899C0023E7A5 /* PKEEffectiveCell.m in Sources */,
				3F13972418CBA959009B31A3 /* PKEFilterViewController.m in Sources */,
				3F375C8518CCB27B00A93DB4 /* PKEMemberCell.m in Sources */,
				3F375C7518CC7B6A00A93DB4 /* PKESearchViewController.m in Sources */,
				3F13973718CBBAF7009B31A3 /* PKETypeCell.m in Sources */,
				3F375C7D18CCA6D300A93DB4 /* PKEPartyViewController.m in Sources */,
				3F93181C18CF88DF0023E7A5 /* PKEEffectiveViewController.m in Sources */,
				3F93181618CF70ED0023E7A5 /* PKEMoveCell.m in Sources */,
				3F93181918CF7E500023E7A5 /* PKELabel.m in Sources */,
				3F1396F518CB5CA3009B31A3 /* PKEPokemonCell.m in Sources */,
				3F43557E18CF6AB900806A8F /* PKEMovesetViewController.m in Sources */,
				3F13973118CBB3FE009B31A3 /* PKETypeViewController.m in Sources */,
				3F1396F918CB5D8E009B31A3 /* PKEDataBaseManager.m in Sources */,
				3F13972118CB97FE009B31A3 /* UIColor+DarkerColor.m in Sources */,
				3F87BDBB18C7A6A500400F64 /* main.m in Sources */,
				3F13973418CBB551009B31A3 /* PKECollectionViewCell.m in Sources */,
				3F778FBD18C7AE3400771A9E /* PKEListViewController.m in Sources */,
				3F13972E18CBAE1A009B31A3 /* PKETableViewCell.m in Sources */,
				3FCC8A9818CCECF500F4F0A3 /* PKEAboutViewController.m in Sources */,
				3F375C8018CCA71B00A93DB4 /* PKETableViewController.m in Sources */,
				3F87BDBF18C7A6AE00400F64 /* PKEAppDelegate.m in Sources */,
			);
			runOnlyForDeploymentPostprocessing = 0;
		};
/* End PBXSourcesBuildPhase section */

/* Begin PBXVariantGroup section */
		3F87BDC218C7A6B700400F64 /* InfoPlist.strings */ = {
			isa = PBXVariantGroup;
			children = (
				3F87BDC118C7A6B700400F64 /* en */,
			);
			name = InfoPlist.strings;
			path = Supporting;
			sourceTree = "<group>";
		};
		3F87BDCA18C7A72F00400F64 /* Main.storyboard */ = {
			isa = PBXVariantGroup;
			children = (
				3F87BDC918C7A72F00400F64 /* en */,
			);
			name = Main.storyboard;
			path = Views;
			sourceTree = "<group>";
		};
/* End PBXVariantGroup section */

/* Begin XCBuildConfiguration section */
		3F87BDAB18C7A60F00400F64 /* Debug */ = {
			isa = XCBuildConfiguration;
			buildSettings = {
				ALWAYS_SEARCH_USER_PATHS = NO;
				ARCHS = "$(ARCHS_STANDARD_INCLUDING_64_BIT)";
				CLANG_CXX_LANGUAGE_STANDARD = "gnu++0x";
				CLANG_CXX_LIBRARY = "libc++";
				CLANG_ENABLE_MODULES = YES;
				CLANG_ENABLE_OBJC_ARC = YES;
				CLANG_WARN_BOOL_CONVERSION = YES;
				CLANG_WARN_CONSTANT_CONVERSION = YES;
				CLANG_WARN_DIRECT_OBJC_ISA_USAGE = YES_ERROR;
				CLANG_WARN_EMPTY_BODY = YES;
				CLANG_WARN_ENUM_CONVERSION = YES;
				CLANG_WARN_INT_CONVERSION = YES;
				CLANG_WARN_OBJC_ROOT_CLASS = YES_ERROR;
				CLANG_WARN__DUPLICATE_METHOD_MATCH = YES;
				"CODE_SIGN_IDENTITY[sdk=iphoneos*]" = "iPhone Developer";
				COPY_PHASE_STRIP = NO;
				GCC_C_LANGUAGE_STANDARD = gnu99;
				GCC_DYNAMIC_NO_PIC = NO;
				GCC_OPTIMIZATION_LEVEL = 0;
				GCC_PREPROCESSOR_DEFINITIONS = (
					"DEBUG=1",
					"$(inherited)",
				);
				GCC_SYMBOLS_PRIVATE_EXTERN = NO;
				GCC_WARN_64_TO_32_BIT_CONVERSION = YES;
				GCC_WARN_ABOUT_RETURN_TYPE = YES_ERROR;
				GCC_WARN_UNDECLARED_SELECTOR = YES;
				GCC_WARN_UNINITIALIZED_AUTOS = YES;
				GCC_WARN_UNUSED_FUNCTION = YES;
				GCC_WARN_UNUSED_VARIABLE = YES;
				IPHONEOS_DEPLOYMENT_TARGET = 7.0;
				ONLY_ACTIVE_ARCH = YES;
				SDKROOT = iphoneos;
			};
			name = Debug;
		};
		3F87BDAC18C7A60F00400F64 /* Release */ = {
			isa = XCBuildConfiguration;
			buildSettings = {
				ALWAYS_SEARCH_USER_PATHS = NO;
				ARCHS = "$(ARCHS_STANDARD_INCLUDING_64_BIT)";
				CLANG_CXX_LANGUAGE_STANDARD = "gnu++0x";
				CLANG_CXX_LIBRARY = "libc++";
				CLANG_ENABLE_MODULES = YES;
				CLANG_ENABLE_OBJC_ARC = YES;
				CLANG_WARN_BOOL_CONVERSION = YES;
				CLANG_WARN_CONSTANT_CONVERSION = YES;
				CLANG_WARN_DIRECT_OBJC_ISA_USAGE = YES_ERROR;
				CLANG_WARN_EMPTY_BODY = YES;
				CLANG_WARN_ENUM_CONVERSION = YES;
				CLANG_WARN_INT_CONVERSION = YES;
				CLANG_WARN_OBJC_ROOT_CLASS = YES_ERROR;
				CLANG_WARN__DUPLICATE_METHOD_MATCH = YES;
				"CODE_SIGN_IDENTITY[sdk=iphoneos*]" = "iPhone Developer";
				COPY_PHASE_STRIP = YES;
				ENABLE_NS_ASSERTIONS = NO;
				GCC_C_LANGUAGE_STANDARD = gnu99;
				GCC_WARN_64_TO_32_BIT_CONVERSION = YES;
				GCC_WARN_ABOUT_RETURN_TYPE = YES_ERROR;
				GCC_WARN_UNDECLARED_SELECTOR = YES;
				GCC_WARN_UNINITIALIZED_AUTOS = YES;
				GCC_WARN_UNUSED_FUNCTION = YES;
				GCC_WARN_UNUSED_VARIABLE = YES;
				IPHONEOS_DEPLOYMENT_TARGET = 7.0;
				SDKROOT = iphoneos;
				VALIDATE_PRODUCT = YES;
			};
			name = Release;
		};
		3F87BDAE18C7A60F00400F64 /* Debug */ = {
			isa = XCBuildConfiguration;
			baseConfigurationReference = E8EE4AC78B264D2FB149AB3C /* Pods.xcconfig */;
			buildSettings = {
				ASSETCATALOG_COMPILER_APPICON_NAME = AppIcon;
				ASSETCATALOG_COMPILER_LAUNCHIMAGE_NAME = LaunchImage;
				GCC_PRECOMPILE_PREFIX_HEADER = YES;
				GCC_PREFIX_HEADER = "Pokeffective/Supporting/Pokeffective-Prefix.pch";
				INFOPLIST_FILE = "$(SRCROOT)/Pokeffective/Supporting/Pokeffective-Info.plist";
				PRODUCT_NAME = "$(TARGET_NAME)";
				WRAPPER_EXTENSION = app;
			};
			name = Debug;
		};
		3F87BDAF18C7A60F00400F64 /* Release */ = {
			isa = XCBuildConfiguration;
			baseConfigurationReference = E8EE4AC78B264D2FB149AB3C /* Pods.xcconfig */;
			buildSettings = {
				ASSETCATALOG_COMPILER_APPICON_NAME = AppIcon;
				ASSETCATALOG_COMPILER_LAUNCHIMAGE_NAME = LaunchImage;
				GCC_PRECOMPILE_PREFIX_HEADER = YES;
				GCC_PREFIX_HEADER = "Pokeffective/Supporting/Pokeffective-Prefix.pch";
				INFOPLIST_FILE = "$(SRCROOT)/Pokeffective/Supporting/Pokeffective-Info.plist";
				PRODUCT_NAME = "$(TARGET_NAME)";
				WRAPPER_EXTENSION = app;
			};
			name = Release;
		};
/* End XCBuildConfiguration section */

/* Begin XCConfigurationList section */
		3F87BD7C18C7A60F00400F64 /* Build configuration list for PBXProject "Pokeffective" */ = {
			isa = XCConfigurationList;
			buildConfigurations = (
				3F87BDAB18C7A60F00400F64 /* Debug */,
				3F87BDAC18C7A60F00400F64 /* Release */,
			);
			defaultConfigurationIsVisible = 0;
			defaultConfigurationName = Release;
		};
		3F87BDAD18C7A60F00400F64 /* Build configuration list for PBXNativeTarget "Pokeffective" */ = {
			isa = XCConfigurationList;
			buildConfigurations = (
				3F87BDAE18C7A60F00400F64 /* Debug */,
				3F87BDAF18C7A60F00400F64 /* Release */,
			);
			defaultConfigurationIsVisible = 0;
			defaultConfigurationName = Release;
		};
/* End XCConfigurationList section */
	};
	rootObject = 3F87BD7918C7A60F00400F64 /* Project object */;
}
